Microsoft Visual Studio Solution File, Format Version 12.00
# Visual Studio 15
VisualStudioVersion = 15.0.27004.2002
MinimumVisualStudioVersion = 10.0.40219.1
Project("{FAE04EC0-301F-11D3-BF4B-00C04F79EFBC}") = "Sphereon.SDK.Blockchain.Easy", "src\Sphereon.SDK.Blockchain.Easy\Sphereon.SDK.Blockchain.Easy.csproj", "{0563A55E-BEF2-4CE9-BD7F-894798EC5E13}"
EndProject
Project("{FAE04EC0-301F-11D3-BF4B-00C04F79EFBC}") = "Sphereon.SDK.Blockchain.Easy.Test", "src\Sphereon.SDK.Blockchain.Easy.Test\Sphereon.SDK.Blockchain.Easy.Test.csproj", "{19F1DEBC-DE5E-4517-8062-F000CD499087}"
EndProject
Global
	GlobalSection(SolutionConfigurationPlatforms) = preSolution
		Debug|Any CPU = Debug|Any CPU
		Release|Any CPU = Release|Any CPU
	EndGlobalSection
	GlobalSection(ProjectConfigurationPlatforms) = postSolution
		{0563A55E-BEF2-4CE9-BD7F-894798EC5E13}.Debug|Any CPU.ActiveCfg = Debug|Any CPU
		{0563A55E-BEF2-4CE9-BD7F-894798EC5E13}.Debug|Any CPU.Build.0 = Debug|Any CPU
		{0563A55E-BEF2-4CE9-BD7F-894798EC5E13}.Release|Any CPU.ActiveCfg = Release|Any CPU
		{0563A55E-BEF2-4CE9-BD7F-894798EC5E13}.Release|Any CPU.Build.0 = Release|Any CPU
		{19F1DEBC-DE5E-4517-8062-F000CD499087}.Debug|Any CPU.ActiveCfg = Debug|Any CPU
		{19F1DEBC-DE5E-4517-8062-F000CD499087}.Debug|Any CPU.Build.0 = Debug|Any CPU
		{19F1DEBC-DE5E-4517-8062-F000CD499087}.Release|Any CPU.ActiveCfg = Release|Any CPU
		{19F1DEBC-DE5E-4517-8062-F000CD499087}.Release|Any CPU.Build.0 = Release|Any CPU
	EndGlobalSection
	GlobalSection(SolutionProperties) = preSolution
		HideSolutionNode = FALSE
	EndGlobalSection
	GlobalSection(ExtensibilityGlobals) = postSolution
		SolutionGuid = {9B534C94-4B48-4DE0-9EE2-83DF22FD5F12}
	EndGlobalSection
EndGlobal
